
Microsoft Visual Studio Solution File, Format Version 12.00
# Visual Studio Version 17
VisualStudioVersion = 17.9.34728.123
MinimumVisualStudioVersion = 10.0.40219.1
Project("{FAE04EC0-301F-11D3-BF4B-00C04F79EFBC}") = "CapaDatos", "CapaDatos\CapaDatos.csproj", "{72086CA7-1E3C-45E9-B4BC-CDC5AFA683FC}"
EndProject
Project("{FAE04EC0-301F-11D3-BF4B-00C04F79EFBC}") = "CapaLogica", "CapaLogica\CapaLogica.csproj", "{C273C39F-0F52-4A01-AEE3-FF3BAC4B3881}"
EndProject
Project("{FAE04EC0-301F-11D3-BF4B-00C04F79EFBC}") = "CapaEntidades", "CapaEntidades\CapaEntidades.csproj", "{757A7DFF-C56E-42D0-80EA-3420BAC92804}"
EndProject
Project("{FAE04EC0-301F-11D3-BF4B-00C04F79EFBC}") = "CapaPresentacion", "CapaPresentacion\CapaPresentacion.csproj", "{B475B6BF-5178-4F4B-98D1-6D27BFCBFC6B}"
EndProject
Global
	GlobalSection(SolutionConfigurationPlatforms) = preSolution
		Debug|Any CPU = Debug|Any CPU
		Release|Any CPU = Release|Any CPU
	EndGlobalSection
	GlobalSection(ProjectConfigurationPlatforms) = postSolution
		{72086CA7-1E3C-45E9-B4BC-CDC5AFA683FC}.Debug|Any CPU.ActiveCfg = Debug|Any CPU
		{72086CA7-1E3C-45E9-B4BC-CDC5AFA683FC}.Debug|Any CPU.Build.0 = Debug|Any CPU
		{72086CA7-1E3C-45E9-B4BC-CDC5AFA683FC}.Release|Any CPU.ActiveCfg = Release|Any CPU
		{72086CA7-1E3C-45E9-B4BC-CDC5AFA683FC}.Release|Any CPU.Build.0 = Release|Any CPU
		{C273C39F-0F52-4A01-AEE3-FF3BAC4B3881}.Debug|Any CPU.ActiveCfg = Debug|Any CPU
		{C273C39F-0F52-4A01-AEE3-FF3BAC4B3881}.Debug|Any CPU.Build.0 = Debug|Any CPU
		{C273C39F-0F52-4A01-AEE3-FF3BAC4B3881}.Release|Any CPU.ActiveCfg = Release|Any CPU
		{C273C39F-0F52-4A01-AEE3-FF3BAC4B3881}.Release|Any CPU.Build.0 = Release|Any CPU
		{757A7DFF-C56E-42D0-80EA-3420BAC92804}.Debug|Any CPU.ActiveCfg = Debug|Any CPU
		{757A7DFF-C56E-42D0-80EA-3420BAC92804}.Debug|Any CPU.Build.0 = Debug|Any CPU
		{757A7DFF-C56E-42D0-80EA-3420BAC92804}.Release|Any CPU.ActiveCfg = Release|Any CPU
		{757A7DFF-C56E-42D0-80EA-3420BAC92804}.Release|Any CPU.Build.0 = Release|Any CPU
		{B475B6BF-5178-4F4B-98D1-6D27BFCBFC6B}.Debug|Any CPU.ActiveCfg = Debug|Any CPU
		{B475B6BF-5178-4F4B-98D1-6D27BFCBFC6B}.Debug|Any CPU.Build.0 = Debug|Any CPU
		{B475B6BF-5178-4F4B-98D1-6D27BFCBFC6B}.Release|Any CPU.ActiveCfg = Release|Any CPU
		{B475B6BF-5178-4F4B-98D1-6D27BFCBFC6B}.Release|Any CPU.Build.0 = Release|Any CPU
	EndGlobalSection
	GlobalSection(SolutionProperties) = preSolution
		HideSolutionNode = FALSE
	EndGlobalSection
	GlobalSection(ExtensibilityGlobals) = postSolution
		SolutionGuid = {056B0814-2B2F-4B12-89A5-C3EEF5991DAC}
	EndGlobalSection
EndGlobal
